# THIS IS AN AUTOGENERATED FILE. DO NOT EDIT THIS FILE DIRECTLY.
# yarn lockfile v1


web-vitals@^2.1.4:
  version "2.1.4"
  resolved "https://registry.yarnpkg.com/web-vitals/-/web-vitals-2.1.4.tgz#76563175a475a5e835264d373704f9dde718290c"
  integrity sha512-sVWcwhU5mX6crfI5Vd2dC4qchyTqxV8URinzt25XqVh+bHEPGH4C3NPrNionCP7Obx59wrYEbNlw4Z8sjALzZg==
